
Microsoft Visual Studio Solution File, Format Version 12.00
# Visual Studio Version 16
VisualStudioVersion = 16.0.29609.76
MinimumVisualStudioVersion = 10.0.40219.1
Project("{FAE04EC0-301F-11D3-BF4B-00C04F79EFBC}") = "B2CXamarin.Android", "B2CXamarin\B2CXamarin.Android\B2CXamarin.Android.csproj", "{A71F3DB7-2F44-4E5D-B6FC-E9F465AD515C}"
EndProject
Project("{FAE04EC0-301F-11D3-BF4B-00C04F79EFBC}") = "B2CXamarin", "B2CXamarin\B2CXamarin\B2CXamarin.csproj", "{F8064A9C-610F-4CCF-9C5E-D7296EC411B0}"
EndProject
Global
	GlobalSection(SolutionConfigurationPlatforms) = preSolution
		Debug|Any CPU = Debug|Any CPU
		Release|Any CPU = Release|Any CPU
	EndGlobalSection
	GlobalSection(ProjectConfigurationPlatforms) = postSolution
		{A71F3DB7-2F44-4E5D-B6FC-E9F465AD515C}.Debug|Any CPU.ActiveCfg = Debug|Any CPU
		{A71F3DB7-2F44-4E5D-B6FC-E9F465AD515C}.Debug|Any CPU.Build.0 = Debug|Any CPU
		{A71F3DB7-2F44-4E5D-B6FC-E9F465AD515C}.Debug|Any CPU.Deploy.0 = Debug|Any CPU
		{A71F3DB7-2F44-4E5D-B6FC-E9F465AD515C}.Release|Any CPU.ActiveCfg = Release|Any CPU
		{A71F3DB7-2F44-4E5D-B6FC-E9F465AD515C}.Release|Any CPU.Build.0 = Release|Any CPU
		{A71F3DB7-2F44-4E5D-B6FC-E9F465AD515C}.Release|Any CPU.Deploy.0 = Release|Any CPU
		{F8064A9C-610F-4CCF-9C5E-D7296EC411B0}.Debug|Any CPU.ActiveCfg = Debug|Any CPU
		{F8064A9C-610F-4CCF-9C5E-D7296EC411B0}.Debug|Any CPU.Build.0 = Debug|Any CPU
		{F8064A9C-610F-4CCF-9C5E-D7296EC411B0}.Release|Any CPU.ActiveCfg = Release|Any CPU
		{F8064A9C-610F-4CCF-9C5E-D7296EC411B0}.Release|Any CPU.Build.0 = Release|Any CPU
	EndGlobalSection
	GlobalSection(SolutionProperties) = preSolution
		HideSolutionNode = FALSE
	EndGlobalSection
	GlobalSection(ExtensibilityGlobals) = postSolution
		SolutionGuid = {642D48DD-FDFF-42C5-8430-6266D5C14AB7}
	EndGlobalSection
EndGlobal
